// !$*UTF8*$!
{
	archiveVersion = 1;
	classes = {
	};
	objectVersion = 46;
	objects = {

/* Begin PBXBuildFile section */
		041707F41E74ED69007AED41 /* EditEntryViewController.swift in Sources */ = {isa = PBXBuildFile; fileRef = 041707F31E74ED69007AED41 /* EditEntryViewController.swift */; };
		044337481E7528F800AFAC26 /* libsqlite3.tbd in Frameworks */ = {isa = PBXBuildFile; fileRef = 044337471E7528F800AFAC26 /* libsqlite3.tbd */; };
		0443374A1E752AF000AFAC26 /* TagList.sqlite in Resources */ = {isa = PBXBuildFile; fileRef = 044337491E752AF000AFAC26 /* TagList.sqlite */; };
		046CE3191E7541BE00482BAF /* Entry.swift in Sources */ = {isa = PBXBuildFile; fileRef = 046CE3181E7541BE00482BAF /* Entry.swift */; };
		04BFFFA31E73B01D00E76C3B /* AppDelegate.swift in Sources */ = {isa = PBXBuildFile; fileRef = 04BFFFA21E73B01D00E76C3B /* AppDelegate.swift */; };
		04BFFFA51E73B01D00E76C3B /* ViewController.swift in Sources */ = {isa = PBXBuildFile; fileRef = 04BFFFA41E73B01D00E76C3B /* ViewController.swift */; };
		04BFFFA81E73B01D00E76C3B /* Main.storyboard in Resources */ = {isa = PBXBuildFile; fileRef = 04BFFFA61E73B01D00E76C3B /* Main.storyboard */; };
		04BFFFAA1E73B01D00E76C3B /* Assets.xcassets in Resources */ = {isa = PBXBuildFile; fileRef = 04BFFFA91E73B01D00E76C3B /* Assets.xcassets */; };
		04BFFFAD1E73B01D00E76C3B /* LaunchScreen.storyboard in Resources */ = {isa = PBXBuildFile; fileRef = 04BFFFAB1E73B01D00E76C3B /* LaunchScreen.storyboard */; };
		04BFFFB81E73B01D00E76C3B /* TagList2Tests.swift in Sources */ = {isa = PBXBuildFile; fileRef = 04BFFFB71E73B01D00E76C3B /* TagList2Tests.swift */; };
		04BFFFC31E73B01D00E76C3B /* TagList2UITests.swift in Sources */ = {isa = PBXBuildFile; fileRef = 04BFFFC21E73B01D00E76C3B /* TagList2UITests.swift */; };
/* End PBXBuildFile section */

/* Begin PBXContainerItemProxy section */
		04BFFFB41E73B01D00E76C3B /* PBXContainerItemProxy */ = {
			isa = PBXContainerItemProxy;
			containerPortal = 04BFFF971E73B01C00E76C3B /* Project object */;
			proxyType = 1;
			remoteGlobalIDString = 04BFFF9E1E73B01D00E76C3B;
			remoteInfo = TagList2;
		};
		04BFFFBF1E73B01D00E76C3B /* PBXContainerItemProxy */ = {
			isa = PBXContainerItemProxy;
			containerPortal = 04BFFF971E73B01C00E76C3B /* Project object */;
			proxyType = 1;
			remoteGlobalIDString = 04BFFF9E1E73B01D00E76C3B;
			remoteInfo = TagList2;
		};
/* End PBXContainerItemProxy section */

/* Begin PBXFileReference section */
		041707F31E74ED69007AED41 /* EditEntryViewController.swift */ = {isa = PBXFileReference; fileEncoding = 4; lastKnownFileType = sourcecode.swift; name = EditEntryViewController.swift; path = TagList2/EditEntryViewController.swift; sourceTree = "<group>"; };
		044337451E75205600AFAC26 /* Sqlite.h */ = {isa = PBXFileReference; lastKnownFileType = sourcecode.c.h; name = Sqlite.h; path = TagList2/Sqlite.h; sourceTree = "<group>"; };
		044337471E7528F800AFAC26 /* libsqlite3.tbd */ = {isa = PBXFileReference; lastKnownFileType = "sourcecode.text-based-dylib-definition"; name = libsqlite3.tbd; path = usr/lib/libsqlite3.tbd; sourceTree = SDKROOT; };
		044337491E752AF000AFAC26 /* TagList.sqlite */ = {isa = PBXFileReference; lastKnownFileType = file; path = TagList.sqlite; sourceTree = "<group>"; };
		046CE3181E7541BE00482BAF /* Entry.swift */ = {isa = PBXFileReference; fileEncoding = 4; lastKnownFileType = sourcecode.swift; name = Entry.swift; path = Assets.xcassets/Entry.swift; sourceTree = "<group>"; };
		04BFFF9F1E73B01D00E76C3B /* TagList2.app */ = {isa = PBXFileReference; explicitFileType = wrapper.application; includeInIndex = 0; path = TagList2.app; sourceTree = BUILT_PRODUCTS_DIR; };
		04BFFFA21E73B01D00E76C3B /* AppDelegate.swift */ = {isa = PBXFileReference; lastKnownFileType = sourcecode.swift; path = AppDelegate.swift; sourceTree = "<group>"; };
		04BFFFA41E73B01D00E76C3B /* ViewController.swift */ = {isa = PBXFileReference; lastKnownFileType = sourcecode.swift; path = ViewController.swift; sourceTree = "<group>"; };
		04BFFFA71E73B01D00E76C3B /* Base */ = {isa = PBXFileReference; lastKnownFileType = file.storyboard; name = Base; path = Base.lproj/Main.storyboard; sourceTree = "<group>"; };
		04BFFFA91E73B01D00E76C3B /* Assets.xcassets */ = {isa = PBXFileReference; lastKnownFileType = folder.assetcatalog; path = Assets.xcassets; sourceTree = "<group>"; };
		04BFFFAC1E73B01D00E76C3B /* Base */ = {isa = PBXFileReference; lastKnownFileType = file.storyboard; name = Base; path = Base.lproj/LaunchScreen.storyboard; sourceTree = "<group>"; };
		04BFFFAE1E73B01D00E76C3B /* Info.plist */ = {isa = PBXFileReference; lastKnownFileType = text.plist.xml; path = Info.plist; sourceTree = "<group>"; };
		04BFFFB31E73B01D00E76C3B /* TagList2Tests.xctest */ = {isa = PBXFileReference; explicitFileType = wrapper.cfbundle; includeInIndex = 0; path = TagList2Tests.xctest; sourceTree = BUILT_PRODUCTS_DIR; };
		04BFFFB71E73B01D00E76C3B /* TagList2Tests.swift */ = {isa = PBXFileReference; lastKnownFileType = sourcecode.swift; path = TagList2Tests.swift; sourceTree = "<group>"; };
		04BFFFB91E73B01D00E76C3B /* Info.plist */ = {isa = PBXFileReference; lastKnownFileType = text.plist.xml; path = Info.plist; sourceTree = "<group>"; };
		04BFFFBE1E73B01D00E76C3B /* TagList2UITests.xctest */ = {isa = PBXFileReference; explicitFileType = wrapper.cfbundle; includeInIndex = 0; path = TagList2UITests.xctest; sourceTree = BUILT_PRODUCTS_DIR; };
		04BFFFC21E73B01D00E76C3B /* TagList2UITests.swift */ = {isa = PBXFileReference; lastKnownFileType = sourcecode.swift; path = TagList2UITests.swift; sourceTree = "<group>"; };
		04BFFFC41E73B01D00E76C3B /* Info.plist */ = {isa = PBXFileReference; lastKnownFileType = text.plist.xml; path = Info.plist; sourceTree = "<group>"; };
/* End PBXFileReference section */

/* Begin PBXFrameworksBuildPhase section */
		04BFFF9C1E73B01D00E76C3B /* Frameworks */ = {
			isa = PBXFrameworksBuildPhase;
			buildActionMask = 2147483647;
			files = (
				044337481E7528F800AFAC26 /* libsqlite3.tbd in Frameworks */,
			);
			runOnlyForDeploymentPostprocessing = 0;
		};
		04BFFFB01E73B01D00E76C3B /* Frameworks */ = {
			isa = PBXFrameworksBuildPhase;
			buildActionMask = 2147483647;
			files = (
			);
			runOnlyForDeploymentPostprocessing = 0;
		};
		04BFFFBB1E73B01D00E76C3B /* Frameworks */ = {
			isa = PBXFrameworksBuildPhase;
			buildActionMask = 2147483647;
			files = (
			);
			runOnlyForDeploymentPostprocessing = 0;
		};
/* End PBXFrameworksBuildPhase section */

/* Begin PBXGroup section */
		044337461E7528F800AFAC26 /* Frameworks */ = {
			isa = PBXGroup;
			children = (
				044337471E7528F800AFAC26 /* libsqlite3.tbd */,
			);
			name = Frameworks;
			sourceTree = "<group>";
		};
		04BFFF961E73B01C00E76C3B = {
			isa = PBXGroup;
			children = (
				044337491E752AF000AFAC26 /* TagList.sqlite */,
				044337451E75205600AFAC26 /* Sqlite.h */,
				041707F31E74ED69007AED41 /* EditEntryViewController.swift */,
				04BFFFA11E73B01D00E76C3B /* TagList2 */,
				04BFFFB61E73B01D00E76C3B /* TagList2Tests */,
				04BFFFC11E73B01D00E76C3B /* TagList2UITests */,
				04BFFFA01E73B01D00E76C3B /* Products */,
				044337461E7528F800AFAC26 /* Frameworks */,
			);
			sourceTree = "<group>";
		};
		04BFFFA01E73B01D00E76C3B /* Products */ = {
			isa = PBXGroup;
			children = (
				04BFFF9F1E73B01D00E76C3B /* TagList2.app */,
				04BFFFB31E73B01D00E76C3B /* TagList2Tests.xctest */,
				04BFFFBE1E73B01D00E76C3B /* TagList2UITests.xctest */,
			);
			name = Products;
			sourceTree = "<group>";
		};
		04BFFFA11E73B01D00E76C3B /* TagList2 */ = {
			isa = PBXGroup;
			children = (
				04BFFFA21E73B01D00E76C3B /* AppDelegate.swift */,
				046CE3181E7541BE00482BAF /* Entry.swift */,
				04BFFFA41E73B01D00E76C3B /* ViewController.swift */,
				04BFFFA61E73B01D00E76C3B /* Main.storyboard */,
				04BFFFA91E73B01D00E76C3B /* Assets.xcassets */,
				04BFFFAB1E73B01D00E76C3B /* LaunchScreen.storyboard */,
				04BFFFAE1E73B01D00E76C3B /* Info.plist */,
			);
			path = TagList2;
			sourceTree = "<group>";
		};
		04BFFFB61E73B01D00E76C3B /* TagList2Tests */ = {
			isa = PBXGroup;
			children = (
				04BFFFB71E73B01D00E76C3B /* TagList2Tests.swift */,
				04BFFFB91E73B01D00E76C3B /* Info.plist */,
			);
			path = TagList2Tests;
			sourceTree = "<group>";
		};
		04BFFFC11E73B01D00E76C3B /* TagList2UITests */ = {
			isa = PBXGroup;
			children = (
				04BFFFC21E73B01D00E76C3B /* TagList2UITests.swift */,
				04BFFFC41E73B01D00E76C3B /* Info.plist */,
			);
			path = TagList2UITests;
			sourceTree = "<group>";
		};
/* End PBXGroup section */

/* Begin PBXNativeTarget section */
		04BFFF9E1E73B01D00E76C3B /* TagList2 */ = {
			isa = PBXNativeTarget;
			buildConfigurationList = 04BFFFC71E73B01D00E76C3B /* Build configuration list for PBXNativeTarget "TagList2" */;
			buildPhases = (
				04BFFF9B1E73B01D00E76C3B /* Sources */,
				04BFFF9C1E73B01D00E76C3B /* Frameworks */,
				04BFFF9D1E73B01D00E76C3B /* Resources */,
			);
			buildRules = (
			);
			dependencies = (
			);
			name = TagList2;
			productName = TagList2;
			productReference = 04BFFF9F1E73B01D00E76C3B /* TagList2.app */;
			productType = "com.apple.product-type.application";
		};
		04BFFFB21E73B01D00E76C3B /* TagList2Tests */ = {
			isa = PBXNativeTarget;
			buildConfigurationList = 04BFFFCA1E73B01D00E76C3B /* Build configuration list for PBXNativeTarget "TagList2Tests" */;
			buildPhases = (
				04BFFFAF1E73B01D00E76C3B /* Sources */,
				04BFFFB01E73B01D00E76C3B /* Frameworks */,
				04BFFFB11E73B01D00E76C3B /* Resources */,
			);
			buildRules = (
			);
			dependencies = (
				04BFFFB51E73B01D00E76C3B /* PBXTargetDependency */,
			);
			name = TagList2Tests;
			productName = TagList2Tests;
			productReference = 04BFFFB31E73B01D00E76C3B /* TagList2Tests.xctest */;
			productType = "com.apple.product-type.bundle.unit-test";
		};
		04BFFFBD1E73B01D00E76C3B /* TagList2UITests */ = {
			isa = PBXNativeTarget;
			buildConfigurationList = 04BFFFCD1E73B01D00E76C3B /* Build configuration list for PBXNativeTarget "TagList2UITests" */;
			buildPhases = (
				04BFFFBA1E73B01D00E76C3B /* Sources */,
				04BFFFBB1E73B01D00E76C3B /* Frameworks */,
				04BFFFBC1E73B01D00E76C3B /* Resources */,
			);
			buildRules = (
			);
			dependencies = (
				04BFFFC01E73B01D00E76C3B /* PBXTargetDependency */,
			);
			name = TagList2UITests;
			productName = TagList2UITests;
			productReference = 04BFFFBE1E73B01D00E76C3B /* TagList2UITests.xctest */;
			productType = "com.apple.product-type.bundle.ui-testing";
		};
/* End PBXNativeTarget section */

/* Begin PBXProject section */
		04BFFF971E73B01C00E76C3B /* Project object */ = {
			isa = PBXProject;
			attributes = {
				LastSwiftUpdateCheck = 0820;
				LastUpgradeCheck = 0820;
				ORGANIZATIONNAME = mac;
				TargetAttributes = {
					04BFFF9E1E73B01D00E76C3B = {
						CreatedOnToolsVersion = 8.2.1;
						DevelopmentTeam = 984682D4TZ;
						ProvisioningStyle = Automatic;
					};
					04BFFFB21E73B01D00E76C3B = {
						CreatedOnToolsVersion = 8.2.1;
						ProvisioningStyle = Automatic;
						TestTargetID = 04BFFF9E1E73B01D00E76C3B;
					};
					04BFFFBD1E73B01D00E76C3B = {
						CreatedOnToolsVersion = 8.2.1;
						ProvisioningStyle = Automatic;
						TestTargetID = 04BFFF9E1E73B01D00E76C3B;
					};
				};
			};
			buildConfigurationList = 04BFFF9A1E73B01C00E76C3B /* Build configuration list for PBXProject "TagList2" */;
			compatibilityVersion = "Xcode 3.2";
			developmentRegion = English;
			hasScannedForEncodings = 0;
			knownRegions = (
				en,
				Base,
			);
			mainGroup = 04BFFF961E73B01C00E76C3B;
			productRefGroup = 04BFFFA01E73B01D00E76C3B /* Products */;
			projectDirPath = "";
			projectRoot = "";
			targets = (
				04BFFF9E1E73B01D00E76C3B /* TagList2 */,
				04BFFFB21E73B01D00E76C3B /* TagList2Tests */,
				04BFFFBD1E73B01D00E76C3B /* TagList2UITests */,
			);
		};
/* End PBXProject section */

/* Begin PBXResourcesBuildPhase section */
		04BFFF9D1E73B01D00E76C3B /* Resources */ = {
			isa = PBXResourcesBuildPhase;
			buildActionMask = 2147483647;
			files = (
				0443374A1E752AF000AFAC26 /* TagList.sqlite in Resources */,
				04BFFFAD1E73B01D00E76C3B /* LaunchScreen.storyboard in Resources */,
				04BFFFAA1E73B01D00E76C3B /* Assets.xcassets in Resources */,
				04BFFFA81E73B01D00E76C3B /* Main.storyboard in Resources */,
			);
			runOnlyForDeploymentPostprocessing = 0;
		};
		04BFFFB11E73B01D00E76C3B /* Resources */ = {
			isa = PBXResourcesBuildPhase;
			buildActionMask = 2147483647;
			files = (
			);
			runOnlyForDeploymentPostprocessing = 0;
		};
		04BFFFBC1E73B01D00E76C3B /* Resources */ = {
			isa = PBXResourcesBuildPhase;
			buildActionMask = 2147483647;
			files = (
			);
			runOnlyForDeploymentPostprocessing = 0;
		};
/* End PBXResourcesBuildPhase section */

/* Begin PBXSourcesBuildPhase section */
		04BFFF9B1E73B01D00E76C3B /* Sources */ = {
			isa = PBXSourcesBuildPhase;
			buildActionMask = 2147483647;
			files = (
				046CE3191E7541BE00482BAF /* Entry.swift in Sources */,
				04BFFFA51E73B01D00E76C3B /* ViewController.swift in Sources */,
				041707F41E74ED69007AED41 /* EditEntryViewController.swift in Sources */,
				04BFFFA31E73B01D00E76C3B /* AppDelegate.swift in Sources */,
			);
			runOnlyForDeploymentPostprocessing = 0;
		};
		04BFFFAF1E73B01D00E76C3B /* Sources */ = {
			isa = PBXSourcesBuildPhase;
			buildActionMask = 2147483647;
			files = (
				04BFFFB81E73B01D00E76C3B /* TagList2Tests.swift in Sources */,
			);
			runOnlyForDeploymentPostprocessing = 0;
		};
		04BFFFBA1E73B01D00E76C3B /* Sources */ = {
			isa = PBXSourcesBuildPhase;
			buildActionMask = 2147483647;
			files = (
				04BFFFC31E73B01D00E76C3B /* TagList2UITests.swift in Sources */,
			);
			runOnlyForDeploymentPostprocessing = 0;
		};
/* End PBXSourcesBuildPhase section */

/* Begin PBXTargetDependency section */
		04BFFFB51E73B01D00E76C3B /* PBXTargetDependency */ = {
			isa = PBXTargetDependency;
			target = 04BFFF9E1E73B01D00E76C3B /* TagList2 */;
			targetProxy = 04BFFFB41E73B01D00E76C3B /* PBXContainerItemProxy */;
		};
		04BFFFC01E73B01D00E76C3B /* PBXTargetDependency */ = {
			isa = PBXTargetDependency;
			target = 04BFFF9E1E73B01D00E76C3B /* TagList2 */;
			targetProxy = 04BFFFBF1E73B01D00E76C3B /* PBXContainerItemProxy */;
		};
/* End PBXTargetDependency section */

/* Begin PBXVariantGroup section */
		04BFFFA61E73B01D00E76C3B /* Main.storyboard */ = {
			isa = PBXVariantGroup;
			children = (
				04BFFFA71E73B01D00E76C3B /* Base */,
			);
			name = Main.storyboard;
			sourceTree = "<group>";
		};
		04BFFFAB1E73B01D00E76C3B /* LaunchScreen.storyboard */ = {
			isa = PBXVariantGroup;
			children = (
				04BFFFAC1E73B01D00E76C3B /* Base */,
			);
			name = LaunchScreen.storyboard;
			sourceTree = "<group>";
		};
/* End PBXVariantGroup section */

/* Begin XCBuildConfiguration section */
		04BFFFC51E73B01D00E76C3B /* Debug */ = {
			isa = XCBuildConfiguration;
			buildSettings = {
				ALWAYS_SEARCH_USER_PATHS = NO;
				CLANG_ANALYZER_NONNULL = YES;
				CLANG_CXX_LANGUAGE_STANDARD = "gnu++0x";
				CLANG_CXX_LIBRARY = "libc++";
				CLANG_ENABLE_MODULES = YES;
				CLANG_ENABLE_OBJC_ARC = YES;
				CLANG_WARN_BOOL_CONVERSION = YES;
				CLANG_WARN_CONSTANT_CONVERSION = YES;
				CLANG_WARN_DIRECT_OBJC_ISA_USAGE = YES_ERROR;
				CLANG_WARN_DOCUMENTATION_COMMENTS = YES;
				CLANG_WARN_EMPTY_BODY = YES;
				CLANG_WARN_ENUM_CONVERSION = YES;
				CLANG_WARN_INFINITE_RECURSION = YES;
				CLANG_WARN_INT_CONVERSION = YES;
				CLANG_WARN_OBJC_ROOT_CLASS = YES_ERROR;
				CLANG_WARN_SUSPICIOUS_MOVE = YES;
				CLANG_WARN_UNREACHABLE_CODE = YES;
				CLANG_WARN__DUPLICATE_METHOD_MATCH = YES;
				"CODE_SIGN_IDENTITY[sdk=iphoneos*]" = "iPhone Developer";
				COPY_PHASE_STRIP = NO;
				DEBUG_INFORMATION_FORMAT = dwarf;
				ENABLE_STRICT_OBJC_MSGSEND = YES;
				ENABLE_TESTABILITY = YES;
				GCC_C_LANGUAGE_STANDARD = gnu99;
				GCC_DYNAMIC_NO_PIC = NO;
				GCC_NO_COMMON_BLOCKS = YES;
				GCC_OPTIMIZATION_LEVEL = 0;
				GCC_PREPROCESSOR_DEFINITIONS = (
					"DEBUG=1",
					"$(inherited)",
				);
				GCC_WARN_64_TO_32_BIT_CONVERSION = YES;
				GCC_WARN_ABOUT_RETURN_TYPE = YES_ERROR;
				GCC_WARN_UNDECLARED_SELECTOR = YES;
				GCC_WARN_UNINITIALIZED_AUTOS = YES_AGGRESSIVE;
				GCC_WARN_UNUSED_FUNCTION = YES;
				GCC_WARN_UNUSED_VARIABLE = YES;
				IPHONEOS_DEPLOYMENT_TARGET = 10.2;
				MTL_ENABLE_DEBUG_INFO = YES;
				NEW_SETTING = "";
				ONLY_ACTIVE_ARCH = YES;
				SDKROOT = iphoneos;
				SWIFT_ACTIVE_COMPILATION_CONDITIONS = DEBUG;
				SWIFT_OPTIMIZATION_LEVEL = "-Onone";
				TARGETED_DEVICE_FAMILY = "1,2";
			};
			name = Debug;
		};
		04BFFFC61E73B01D00E76C3B /* Release */ = {
			isa = XCBuildConfiguration;
			buildSettings = {
				ALWAYS_SEARCH_USER_PATHS = NO;
				CLANG_ANALYZER_NONNULL = YES;
				CLANG_CXX_LANGUAGE_STANDARD = "gnu++0x";
				CLANG_CXX_LIBRARY = "libc++";
				CLANG_ENABLE_MODULES = YES;
				CLANG_ENABLE_OBJC_ARC = YES;
				CLANG_WARN_BOOL_CONVERSION = YES;
				CLANG_WARN_CONSTANT_CONVERSION = YES;
				CLANG_WARN_DIRECT_OBJC_ISA_USAGE = YES_ERROR;
				CLANG_WARN_DOCUMENTATION_COMMENTS = YES;
				CLANG_WARN_EMPTY_BODY = YES;
				CLANG_WARN_ENUM_CONVERSION = YES;
				CLANG_WARN_INFINITE_RECURSION = YES;
				CLANG_WARN_INT_CONVERSION = YES;
				CLANG_WARN_OBJC_ROOT_CLASS = YES_ERROR;
				CLANG_WARN_SUSPICIOUS_MOVE = YES;
				CLANG_WARN_UNREACHABLE_CODE = YES;
				CLANG_WARN__DUPLICATE_METHOD_MATCH = YES;
				"CODE_SIGN_IDENTITY[sdk=iphoneos*]" = "iPhone Developer";
				COPY_PHASE_STRIP = NO;
				DEBUG_INFORMATION_FORMAT = "dwarf-with-dsym";
				ENABLE_NS_ASSERTIONS = NO;
				ENABLE_STRICT_OBJC_MSGSEND = YES;
				GCC_C_LANGUAGE_STANDARD = gnu99;
				GCC_NO_COMMON_BLOCKS = YES;
				GCC_WARN_64_TO_32_BIT_CONVERSION = YES;
				GCC_WARN_ABOUT_RETURN_TYPE = YES_ERROR;
				GCC_WARN_UNDECLARED_SELECTOR = YES;
				GCC_WARN_UNINITIALIZED_AUTOS = YES_AGGRESSIVE;
				GCC_WARN_UNUSED_FUNCTION = YES;
				GCC_WARN_UNUSED_VARIABLE = YES;
				IPHONEOS_DEPLOYMENT_TARGET = 10.2;
				MTL_ENABLE_DEBUG_INFO = NO;
				NEW_SETTING = "";
				SDKROOT = iphoneos;
				SWIFT_OPTIMIZATION_LEVEL = "-Owholemodule";
				TARGETED_DEVICE_FAMILY = "1,2";
				VALIDATE_PRODUCT = YES;
			};
			name = Release;
		};
		04BFFFC81E73B01D00E76C3B /* Debug */ = {
			isa = XCBuildConfiguration;
			buildSettings = {
				ASSETCATALOG_COMPILER_APPICON_NAME = AppIcon;
				DEVELOPMENT_TEAM = 984682D4TZ;
				INFOPLIST_FILE = TagList2/Info.plist;
				LD_RUNPATH_SEARCH_PATHS = "$(inherited) @executable_path/Frameworks";
				PRODUCT_BUNDLE_IDENTIFIER = ballfish.TagList2;
				PRODUCT_NAME = "$(TARGET_NAME)";
				SWIFT_OBJC_BRIDGING_HEADER = TagList2/Sqlite.h;
				"SWIFT_OBJC_BRIDGING_HEADER[arch=*]" = TagList2/Sqlite.h;
				SWIFT_VERSION = 3.0;
			};
			name = Debug;
		};
		04BFFFC91E73B01D00E76C3B /* Release */ = {
			isa = XCBuildConfiguration;
			buildSettings = {
				ASSETCATALOG_COMPILER_APPICON_NAME = AppIcon;
				DEVELOPMENT_TEAM = 984682D4TZ;
				INFOPLIST_FILE = TagList2/Info.plist;
				LD_RUNPATH_SEARCH_PATHS = "$(inherited) @executable_path/Frameworks";
				PRODUCT_BUNDLE_IDENTIFIER = ballfish.TagList2;
				PRODUCT_NAME = "$(TARGET_NAME)";
				SWIFT_OBJC_BRIDGING_HEADER = TagList2/Sqlite.h;
				SWIFT_VERSION = 3.0;
			};
			name = Release;
		};
		04BFFFCB1E73B01D00E76C3B /* Debug */ = {
			isa = XCBuildConfiguration;
			buildSettings = {
				ALWAYS_EMBED_SWIFT_STANDARD_LIBRARIES = YES;
				BUNDLE_LOADER = "$(TEST_HOST)";
				INFOPLIST_FILE = TagList2Tests/Info.plist;
				LD_RUNPATH_SEARCH_PATHS = "$(inherited) @executable_path/Frameworks @loader_path/Frameworks";
				PRODUCT_BUNDLE_IDENTIFIER = ballfish.TagList2Tests;
				PRODUCT_NAME = "$(TARGET_NAME)";
				SWIFT_VERSION = 3.0;
				TEST_HOST = "$(BUILT_PRODUCTS_DIR)/TagList2.app/TagList2";
			};
			name = Debug;
		};
		04BFFFCC1E73B01D00E76C3B /* Release */ = {
			isa = XCBuildConfiguration;
			buildSettings = {
				ALWAYS_EMBED_SWIFT_STANDARD_LIBRARIES = YES;
				BUNDLE_LOADER = "$(TEST_HOST)";
				INFOPLIST_FILE = TagList2Tests/Info.plist;
				LD_RUNPATH_SEARCH_PATHS = "$(inherited) @executable_path/Frameworks @loader_path/Frameworks";
				PRODUCT_BUNDLE_IDENTIFIER = ballfish.TagList2Tests;
				PRODUCT_NAME = "$(TARGET_NAME)";
				SWIFT_VERSION = 3.0;
				TEST_HOST = "$(BUILT_PRODUCTS_DIR)/TagList2.app/TagList2";
			};
			name = Release;
		};
		04BFFFCE1E73B01D00E76C3B /* Debug */ = {
			isa = XCBuildConfiguration;
			buildSettings = {
				ALWAYS_EMBED_SWIFT_STANDARD_LIBRARIES = YES;
				INFOPLIST_FILE = TagList2UITests/Info.plist;
				LD_RUNPATH_SEARCH_PATHS = "$(inherited) @executable_path/Frameworks @loader_path/Frameworks";
				PRODUCT_BUNDLE_IDENTIFIER = ballfish.TagList2UITests;
				PRODUCT_NAME = "$(TARGET_NAME)";
				SWIFT_VERSION = 3.0;
				TEST_TARGET_NAME = TagList2;
			};
			name = Debug;
		};
		04BFFFCF1E73B01D00E76C3B /* Release */ = {
			isa = XCBuildConfiguration;
			buildSettings = {
				ALWAYS_EMBED_SWIFT_STANDARD_LIBRARIES = YES;
				INFOPLIST_FILE = TagList2UITests/Info.plist;
				LD_RUNPATH_SEARCH_PATHS = "$(inherited) @executable_path/Frameworks @loader_path/Frameworks";
				PRODUCT_BUNDLE_IDENTIFIER = ballfish.TagList2UITests;
				PRODUCT_NAME = "$(TARGET_NAME)";
				SWIFT_VERSION = 3.0;
				TEST_TARGET_NAME = TagList2;
			};
			name = Release;
		};
/* End XCBuildConfiguration section */

/* Begin XCConfigurationList section */
		04BFFF9A1E73B01C00E76C3B /* Build configuration list for PBXProject "TagList2" */ = {
			isa = XCConfigurationList;
			buildConfigurations = (
				04BFFFC51E73B01D00E76C3B /* Debug */,
				04BFFFC61E73B01D00E76C3B /* Release */,
			);
			defaultConfigurationIsVisible = 0;
			defaultConfigurationName = Release;
		};
		04BFFFC71E73B01D00E76C3B /* Build configuration list for PBXNativeTarget "TagList2" */ = {
			isa = XCConfigurationList;
			buildConfigurations = (
				04BFFFC81E73B01D00E76C3B /* Debug */,
				04BFFFC91E73B01D00E76C3B /* Release */,
			);
			defaultConfigurationIsVisible = 0;
			defaultConfigurationName = Release;
		};
		04BFFFCA1E73B01D00E76C3B /* Build configuration list for PBXNativeTarget "TagList2Tests" */ = {
			isa = XCConfigurationList;
			buildConfigurations = (
				04BFFFCB1E73B01D00E76C3B /* Debug */,
				04BFFFCC1E73B01D00E76C3B /* Release */,
			);
			defaultConfigurationIsVisible = 0;
			defaultConfigurationName = Release;
		};
		04BFFFCD1E73B01D00E76C3B /* Build configuration list for PBXNativeTarget "TagList2UITests" */ = {
			isa = XCConfigurationList;
			buildConfigurations = (
				04BFFFCE1E73B01D00E76C3B /* Debug */,
				04BFFFCF1E73B01D00E76C3B /* Release */,
			);
			defaultConfigurationIsVisible = 0;
			defaultConfigurationName = Release;
		};
/* End XCConfigurationList section */
	};
	rootObject = 04BFFF971E73B01C00E76C3B /* Project object */;
}
